###################################################################################################
##
##  DO NOT EDIT THIS FILE.
##  This is a locked requirements file generated by pyorbs.
##
##  Requirements hash: e936906dcc1b8bbba7ad6f9a3e1579f1bec73f53e69887bb04bcead1ae285745
##
###################################################################################################
-e .
alabaster==0.7.13
Babel==2.15.0
certifi==2024.2.2
charset-normalizer==3.3.2
docker==7.1.0
docutils==0.20.1
idna==3.7
imagesize==1.4.1
importlib_metadata==7.1.0
Jinja2==3.1.4
logikal-docs==1.1.4
MarkupSafe==2.1.5
packaging==23.2
pip==24.0
Pygments==2.18.0
pytz==2024.1
requests==2.32.2
setuptools==70.0.0
snowballstemmer==2.2.0
Sphinx==7.1.2
sphinx-rtd-theme==2.0.0
sphinxcontrib-applehelp==1.0.4
sphinxcontrib-devhelp==1.0.2
sphinxcontrib-htmlhelp==2.0.1
sphinxcontrib-jquery==4.1
sphinxcontrib-jsmath==1.0.1
sphinxcontrib-qthelp==1.0.3
sphinxcontrib-serializinghtml==1.1.5
termcolor==2.4.0
tomli==2.0.1
urllib3==2.2.1
wheel==0.43.0
zipp==3.18.2
