###################################################################################################
##
##  DO NOT EDIT THIS FILE.
##  This is a locked requirements file generated by pyorbs.
##
##  Requirements hash: 735476f5bf7c8ec7a8f64861f3fc2ba97e3b4e7c83a90b81f57bed33ba580dd5
##
###################################################################################################
-e .
alabaster==1.0.0
babel==2.17.0
certifi==2025.11.12
charset-normalizer==3.4.4
docker==7.1.0
docutils==0.21.2
idna==3.11
imagesize==1.4.1
Jinja2==3.1.6
logikal-docs==1.2.3
MarkupSafe==3.0.3
packaging==25.0
pip==25.3
Pygments==2.19.2
requests==2.32.5
roman-numerals-py==3.1.0
setuptools==80.9.0
snowballstemmer==3.0.1
Sphinx==8.2.3
sphinx-rtd-theme==3.0.2
sphinxcontrib-applehelp==2.0.0
sphinxcontrib-devhelp==2.0.0
sphinxcontrib-htmlhelp==2.1.0
sphinxcontrib-jquery==4.1
sphinxcontrib-jsmath==1.0.1
sphinxcontrib-qthelp==2.0.0
sphinxcontrib-serializinghtml==2.0.0
termcolor==3.2.0
tqdm==4.67.1
urllib3==2.5.0
wheel==0.45.1
